
Microsoft Visual Studio Solution File, Format Version 12.00
# Visual Studio Version 17
VisualStudioVersion = 17.14.36414.22
MinimumVisualStudioVersion = 10.0.40219.1
Project("{FAE04EC0-301F-11D3-BF4B-00C04F79EFBC}") = "TPPromoWeb_equipo-2B", "TPPromoWeb_equipo-2B\TPPromoWeb_equipo-2B.csproj", "{AC2917DE-80B4-4D13-961A-B007DD430E66}"
EndProject
Project("{FAE04EC0-301F-11D3-BF4B-00C04F79EFBC}") = "negocio", "negocio\negocio.csproj", "{4F6FACD0-6676-4FC2-8B9C-EB2F545411F9}"
EndProject
Project("{FAE04EC0-301F-11D3-BF4B-00C04F79EFBC}") = "modelo", "modelo\modelo.csproj", "{8BF41CAB-AEEA-4C90-B68F-BD666CC5E348}"
EndProject
Global
	GlobalSection(SolutionConfigurationPlatforms) = preSolution
		Debug|Any CPU = Debug|Any CPU
		Release|Any CPU = Release|Any CPU
	EndGlobalSection
	GlobalSection(ProjectConfigurationPlatforms) = postSolution
		{AC2917DE-80B4-4D13-961A-B007DD430E66}.Debug|Any CPU.ActiveCfg = Debug|Any CPU
		{AC2917DE-80B4-4D13-961A-B007DD430E66}.Debug|Any CPU.Build.0 = Debug|Any CPU
		{AC2917DE-80B4-4D13-961A-B007DD430E66}.Release|Any CPU.ActiveCfg = Release|Any CPU
		{AC2917DE-80B4-4D13-961A-B007DD430E66}.Release|Any CPU.Build.0 = Release|Any CPU
		{4F6FACD0-6676-4FC2-8B9C-EB2F545411F9}.Debug|Any CPU.ActiveCfg = Debug|Any CPU
		{4F6FACD0-6676-4FC2-8B9C-EB2F545411F9}.Debug|Any CPU.Build.0 = Debug|Any CPU
		{4F6FACD0-6676-4FC2-8B9C-EB2F545411F9}.Release|Any CPU.ActiveCfg = Release|Any CPU
		{4F6FACD0-6676-4FC2-8B9C-EB2F545411F9}.Release|Any CPU.Build.0 = Release|Any CPU
		{8BF41CAB-AEEA-4C90-B68F-BD666CC5E348}.Debug|Any CPU.ActiveCfg = Debug|Any CPU
		{8BF41CAB-AEEA-4C90-B68F-BD666CC5E348}.Debug|Any CPU.Build.0 = Debug|Any CPU
		{8BF41CAB-AEEA-4C90-B68F-BD666CC5E348}.Release|Any CPU.ActiveCfg = Release|Any CPU
		{8BF41CAB-AEEA-4C90-B68F-BD666CC5E348}.Release|Any CPU.Build.0 = Release|Any CPU
	EndGlobalSection
	GlobalSection(SolutionProperties) = preSolution
		HideSolutionNode = FALSE
	EndGlobalSection
	GlobalSection(ExtensibilityGlobals) = postSolution
		SolutionGuid = {2342548C-AAD1-4363-87CF-B84AE84BCD90}
	EndGlobalSection
EndGlobal
